
Microsoft Visual Studio Solution File, Format Version 12.00
# Visual Studio Version 17
VisualStudioVersion = 17.0.31903.59
MinimumVisualStudioVersion = 10.0.40219.1
Project("{FAE04EC0-301F-11D3-BF4B-00C04F79EFBC}") = "CalculatorApp.Console", "CalculatorApp.Console\CalculatorApp.Console.csproj", "{8DC635E5-BD92-417D-882C-680E5E62136D}"
EndProject
Project("{FAE04EC0-301F-11D3-BF4B-00C04F79EFBC}") = "CalculatorApp.Tests", "CalculatorApp.Tests\CalculatorApp.Tests.csproj", "{A9E8C3B7-94AE-48B8-BF19-14886560EF08}"
EndProject
Global
	GlobalSection(SolutionConfigurationPlatforms) = preSolution
		Debug|Any CPU = Debug|Any CPU
		Release|Any CPU = Release|Any CPU
	EndGlobalSection
	GlobalSection(SolutionProperties) = preSolution
		HideSolutionNode = FALSE
	EndGlobalSection
	GlobalSection(ProjectConfigurationPlatforms) = postSolution
		{8DC635E5-BD92-417D-882C-680E5E62136D}.Debug|Any CPU.ActiveCfg = Debug|Any CPU
		{8DC635E5-BD92-417D-882C-680E5E62136D}.Debug|Any CPU.Build.0 = Debug|Any CPU
		{8DC635E5-BD92-417D-882C-680E5E62136D}.Release|Any CPU.ActiveCfg = Release|Any CPU
		{8DC635E5-BD92-417D-882C-680E5E62136D}.Release|Any CPU.Build.0 = Release|Any CPU
		{A9E8C3B7-94AE-48B8-BF19-14886560EF08}.Debug|Any CPU.ActiveCfg = Debug|Any CPU
		{A9E8C3B7-94AE-48B8-BF19-14886560EF08}.Debug|Any CPU.Build.0 = Debug|Any CPU
		{A9E8C3B7-94AE-48B8-BF19-14886560EF08}.Release|Any CPU.ActiveCfg = Release|Any CPU
		{A9E8C3B7-94AE-48B8-BF19-14886560EF08}.Release|Any CPU.Build.0 = Release|Any CPU
	EndGlobalSection
EndGlobal
